
Microsoft Visual Studio Solution File, Format Version 12.00
# Visual Studio 15
VisualStudioVersion = 15.0.26730.16
MinimumVisualStudioVersion = 10.0.40219.1
Project("{FAE04EC0-301F-11D3-BF4B-00C04F79EFBC}") = "IhChegou.Global", "IhChegou.Global\IhChegou.Global.csproj", "{15DC6654-C62A-43F8-B09E-A9AFF0732932}"
EndProject
Project("{FAE04EC0-301F-11D3-BF4B-00C04F79EFBC}") = "IhChegou.Crawler.Medicines", "IhChegou.Crawler.Medicines\IhChegou.Crawler.Medicines.csproj", "{63F1A933-DFF4-4119-80F5-22EF35D09F7A}"
EndProject
Project("{FAE04EC0-301F-11D3-BF4B-00C04F79EFBC}") = "IhChegou.POCO", "IhChegou.POCO\IhChegou.POCO.csproj", "{7B8C5FB8-4A05-44DE-93A0-08A08ECB2629}"
EndProject
Project("{FAE04EC0-301F-11D3-BF4B-00C04F79EFBC}") = "IhChegou.DTO", "IhChegou.DTO\IhChegou.DTO.csproj", "{B59FBCA6-2139-4DFF-83BB-D710E3AF3CAE}"
EndProject
Project("{2150E333-8FDC-42A3-9474-1A3956D46DE8}") = "Data", "Data", "{1CC5E58E-1D57-4A65-8DC4-ACF3B1F44B36}"
EndProject
Project("{2150E333-8FDC-42A3-9474-1A3956D46DE8}") = "Crawler", "Crawler", "{1EE86194-1492-4A4A-B1FE-A550D9AE3A07}"
EndProject
Project("{2150E333-8FDC-42A3-9474-1A3956D46DE8}") = "Global", "Global", "{EBCFC134-4581-4767-9766-C5E797DF394A}"
EndProject
Project("{2150E333-8FDC-42A3-9474-1A3956D46DE8}") = "Domain", "Domain", "{BF52C96C-A966-4F50-9854-6B60F9D5105C}"
EndProject
Project("{2150E333-8FDC-42A3-9474-1A3956D46DE8}") = "API", "API", "{2CA0C421-35BF-4EC6-B630-9872FFE1A294}"
EndProject
Project("{FAE04EC0-301F-11D3-BF4B-00C04F79EFBC}") = "IhChegou.API", "IhChegou.API\IhChegou.API.csproj", "{B98F5BE8-A726-43E3-B9EF-E7E235D7CACB}"
EndProject
Project("{FAE04EC0-301F-11D3-BF4B-00C04F79EFBC}") = "IhChegou.Tools", "IhChegou.Tools\IhChegou.Tools.csproj", "{AC313A7F-EB5F-4184-8545-297C75807541}"
EndProject
Project("{2150E333-8FDC-42A3-9474-1A3956D46DE8}") = "Web", "Web", "{E847848D-3766-4431-9110-DE9218C52358}"
EndProject
Project("{FAE04EC0-301F-11D3-BF4B-00C04F79EFBC}") = "WebTools", "WebTools\WebTools.csproj", "{3A860C10-FB4F-42DF-A125-81CA7FBF5418}"
EndProject
Project("{FAE04EC0-301F-11D3-BF4B-00C04F79EFBC}") = "IhChegou.Domain.Contract", "IhChegou.Domain.Contract\IhChegou.Domain.Contract.csproj", "{CD1C537F-00F7-4C62-9E9E-8B62E8DB0491}"
EndProject
Project("{FAE04EC0-301F-11D3-BF4B-00C04F79EFBC}") = "IhChegou.Domain.Pharma", "IhChegou.Domain.Pharma\IhChegou.Domain.Pharma.csproj", "{DF68AAB3-6857-4EE0-B88C-4E9094DF4E15}"
EndProject
Project("{FAE04EC0-301F-11D3-BF4B-00C04F79EFBC}") = "IhChegou.Repository.Pharma", "IhChegou.Repository.Pharma\IhChegou.Repository.Pharma.csproj", "{8FAC9511-2658-43EF-AC40-5DFD07614380}"
EndProject
Project("{FAE04EC0-301F-11D3-BF4B-00C04F79EFBC}") = "IhChegou.Repository.Contract", "IhChegou.Repository.Contract\IhChegou.Repository.Contract.csproj", "{AAE0405A-2554-4303-94ED-A18900D36232}"
EndProject
Project("{FAE04EC0-301F-11D3-BF4B-00C04F79EFBC}") = "IhChegou.Repository.Session", "IhChegou.Repository.Session\IhChegou.Repository.Session.csproj", "{445E636B-853D-4AA5-85FA-FFD8E98AFB9E}"
EndProject
Project("{2150E333-8FDC-42A3-9474-1A3956D46DE8}") = "DI", "DI", "{36802D5F-83E3-460D-9AAE-B33D96F159C5}"
EndProject
Project("{FAE04EC0-301F-11D3-BF4B-00C04F79EFBC}") = "IhChegou.Tools.Contract", "IhChegou.Tools.Contract\IhChegou.Tools.Contract.csproj", "{F1CAA736-F692-4F86-885E-CA1983BF9E1D}"
EndProject
Project("{FAE04EC0-301F-11D3-BF4B-00C04F79EFBC}") = "IhChegou.DI", "IhChegou.DI\IhChegou.DI.csproj", "{2C6BFDE6-9FFE-49D5-9501-F9A6533E6ABC}"
EndProject
Project("{FAE04EC0-301F-11D3-BF4B-00C04F79EFBC}") = "IhChegou.Cache", "IhChegou.Cache\IhChegou.Cache.csproj", "{2EC9FE15-F476-47CE-8D01-0BF2DEB0B26A}"
EndProject
Project("{FAE04EC0-301F-11D3-BF4B-00C04F79EFBC}") = "IhChegou.Cache.Contract", "IhChegou.Cache.Contract\IhChegou.Cache.Contract.csproj", "{870C0100-95D4-42BC-BCED-ED45077C98DB}"
EndProject
Project("{FAE04EC0-301F-11D3-BF4B-00C04F79EFBC}") = "IhChegou.Admin", "IhChegou.Admin\IhChegou.Admin.csproj", "{A6AA9125-518B-4395-9D57-94662D792CF1}"
EndProject
Project("{2150E333-8FDC-42A3-9474-1A3956D46DE8}") = "Utils", "Utils", "{E663F237-B034-4C1D-B362-8CC9B204C988}"
EndProject
Project("{FAE04EC0-301F-11D3-BF4B-00C04F79EFBC}") = "IhChegou.WebApi.Extensions", "IhChegou.WebApi.Extensions\IhChegou.WebApi.Extensions.csproj", "{A5F1B014-FC59-4CCB-87F3-70A3582F1E50}"
EndProject
Global
	GlobalSection(SolutionConfigurationPlatforms) = preSolution
		Debug|Any CPU = Debug|Any CPU
		Release|Any CPU = Release|Any CPU
	EndGlobalSection
	GlobalSection(ProjectConfigurationPlatforms) = postSolution
		{15DC6654-C62A-43F8-B09E-A9AFF0732932}.Debug|Any CPU.ActiveCfg = Debug|Any CPU
		{15DC6654-C62A-43F8-B09E-A9AFF0732932}.Debug|Any CPU.Build.0 = Debug|Any CPU
		{15DC6654-C62A-43F8-B09E-A9AFF0732932}.Release|Any CPU.ActiveCfg = Release|Any CPU
		{15DC6654-C62A-43F8-B09E-A9AFF0732932}.Release|Any CPU.Build.0 = Release|Any CPU
		{63F1A933-DFF4-4119-80F5-22EF35D09F7A}.Debug|Any CPU.ActiveCfg = Debug|Any CPU
		{63F1A933-DFF4-4119-80F5-22EF35D09F7A}.Debug|Any CPU.Build.0 = Debug|Any CPU
		{63F1A933-DFF4-4119-80F5-22EF35D09F7A}.Release|Any CPU.ActiveCfg = Release|Any CPU
		{63F1A933-DFF4-4119-80F5-22EF35D09F7A}.Release|Any CPU.Build.0 = Release|Any CPU
		{7B8C5FB8-4A05-44DE-93A0-08A08ECB2629}.Debug|Any CPU.ActiveCfg = Debug|Any CPU
		{7B8C5FB8-4A05-44DE-93A0-08A08ECB2629}.Debug|Any CPU.Build.0 = Debug|Any CPU
		{7B8C5FB8-4A05-44DE-93A0-08A08ECB2629}.Release|Any CPU.ActiveCfg = Release|Any CPU
		{7B8C5FB8-4A05-44DE-93A0-08A08ECB2629}.Release|Any CPU.Build.0 = Release|Any CPU
		{B59FBCA6-2139-4DFF-83BB-D710E3AF3CAE}.Debug|Any CPU.ActiveCfg = Debug|Any CPU
		{B59FBCA6-2139-4DFF-83BB-D710E3AF3CAE}.Debug|Any CPU.Build.0 = Debug|Any CPU
		{B59FBCA6-2139-4DFF-83BB-D710E3AF3CAE}.Release|Any CPU.ActiveCfg = Release|Any CPU
		{B59FBCA6-2139-4DFF-83BB-D710E3AF3CAE}.Release|Any CPU.Build.0 = Release|Any CPU
		{B98F5BE8-A726-43E3-B9EF-E7E235D7CACB}.Debug|Any CPU.ActiveCfg = Debug|Any CPU
		{B98F5BE8-A726-43E3-B9EF-E7E235D7CACB}.Debug|Any CPU.Build.0 = Debug|Any CPU
		{B98F5BE8-A726-43E3-B9EF-E7E235D7CACB}.Release|Any CPU.ActiveCfg = Release|Any CPU
		{B98F5BE8-A726-43E3-B9EF-E7E235D7CACB}.Release|Any CPU.Build.0 = Release|Any CPU
		{AC313A7F-EB5F-4184-8545-297C75807541}.Debug|Any CPU.ActiveCfg = Debug|Any CPU
		{AC313A7F-EB5F-4184-8545-297C75807541}.Debug|Any CPU.Build.0 = Debug|Any CPU
		{AC313A7F-EB5F-4184-8545-297C75807541}.Release|Any CPU.ActiveCfg = Release|Any CPU
		{AC313A7F-EB5F-4184-8545-297C75807541}.Release|Any CPU.Build.0 = Release|Any CPU
		{3A860C10-FB4F-42DF-A125-81CA7FBF5418}.Debug|Any CPU.ActiveCfg = Debug|Any CPU
		{3A860C10-FB4F-42DF-A125-81CA7FBF5418}.Debug|Any CPU.Build.0 = Debug|Any CPU
		{3A860C10-FB4F-42DF-A125-81CA7FBF5418}.Release|Any CPU.ActiveCfg = Release|Any CPU
		{3A860C10-FB4F-42DF-A125-81CA7FBF5418}.Release|Any CPU.Build.0 = Release|Any CPU
		{CD1C537F-00F7-4C62-9E9E-8B62E8DB0491}.Debug|Any CPU.ActiveCfg = Debug|Any CPU
		{CD1C537F-00F7-4C62-9E9E-8B62E8DB0491}.Debug|Any CPU.Build.0 = Debug|Any CPU
		{CD1C537F-00F7-4C62-9E9E-8B62E8DB0491}.Release|Any CPU.ActiveCfg = Release|Any CPU
		{CD1C537F-00F7-4C62-9E9E-8B62E8DB0491}.Release|Any CPU.Build.0 = Release|Any CPU
		{DF68AAB3-6857-4EE0-B88C-4E9094DF4E15}.Debug|Any CPU.ActiveCfg = Debug|Any CPU
		{DF68AAB3-6857-4EE0-B88C-4E9094DF4E15}.Debug|Any CPU.Build.0 = Debug|Any CPU
		{DF68AAB3-6857-4EE0-B88C-4E9094DF4E15}.Release|Any CPU.ActiveCfg = Release|Any CPU
		{DF68AAB3-6857-4EE0-B88C-4E9094DF4E15}.Release|Any CPU.Build.0 = Release|Any CPU
		{8FAC9511-2658-43EF-AC40-5DFD07614380}.Debug|Any CPU.ActiveCfg = Debug|Any CPU
		{8FAC9511-2658-43EF-AC40-5DFD07614380}.Debug|Any CPU.Build.0 = Debug|Any CPU
		{8FAC9511-2658-43EF-AC40-5DFD07614380}.Release|Any CPU.ActiveCfg = Release|Any CPU
		{8FAC9511-2658-43EF-AC40-5DFD07614380}.Release|Any CPU.Build.0 = Release|Any CPU
		{AAE0405A-2554-4303-94ED-A18900D36232}.Debug|Any CPU.ActiveCfg = Debug|Any CPU
		{AAE0405A-2554-4303-94ED-A18900D36232}.Debug|Any CPU.Build.0 = Debug|Any CPU
		{AAE0405A-2554-4303-94ED-A18900D36232}.Release|Any CPU.ActiveCfg = Release|Any CPU
		{AAE0405A-2554-4303-94ED-A18900D36232}.Release|Any CPU.Build.0 = Release|Any CPU
		{445E636B-853D-4AA5-85FA-FFD8E98AFB9E}.Debug|Any CPU.ActiveCfg = Debug|Any CPU
		{445E636B-853D-4AA5-85FA-FFD8E98AFB9E}.Debug|Any CPU.Build.0 = Debug|Any CPU
		{445E636B-853D-4AA5-85FA-FFD8E98AFB9E}.Release|Any CPU.ActiveCfg = Release|Any CPU
		{445E636B-853D-4AA5-85FA-FFD8E98AFB9E}.Release|Any CPU.Build.0 = Release|Any CPU
		{F1CAA736-F692-4F86-885E-CA1983BF9E1D}.Debug|Any CPU.ActiveCfg = Debug|Any CPU
		{F1CAA736-F692-4F86-885E-CA1983BF9E1D}.Debug|Any CPU.Build.0 = Debug|Any CPU
		{F1CAA736-F692-4F86-885E-CA1983BF9E1D}.Release|Any CPU.ActiveCfg = Release|Any CPU
		{F1CAA736-F692-4F86-885E-CA1983BF9E1D}.Release|Any CPU.Build.0 = Release|Any CPU
		{2C6BFDE6-9FFE-49D5-9501-F9A6533E6ABC}.Debug|Any CPU.ActiveCfg = Debug|Any CPU
		{2C6BFDE6-9FFE-49D5-9501-F9A6533E6ABC}.Debug|Any CPU.Build.0 = Debug|Any CPU
		{2C6BFDE6-9FFE-49D5-9501-F9A6533E6ABC}.Release|Any CPU.ActiveCfg = Release|Any CPU
		{2C6BFDE6-9FFE-49D5-9501-F9A6533E6ABC}.Release|Any CPU.Build.0 = Release|Any CPU
		{2EC9FE15-F476-47CE-8D01-0BF2DEB0B26A}.Debug|Any CPU.ActiveCfg = Debug|Any CPU
		{2EC9FE15-F476-47CE-8D01-0BF2DEB0B26A}.Debug|Any CPU.Build.0 = Debug|Any CPU
		{2EC9FE15-F476-47CE-8D01-0BF2DEB0B26A}.Release|Any CPU.ActiveCfg = Release|Any CPU
		{2EC9FE15-F476-47CE-8D01-0BF2DEB0B26A}.Release|Any CPU.Build.0 = Release|Any CPU
		{870C0100-95D4-42BC-BCED-ED45077C98DB}.Debug|Any CPU.ActiveCfg = Debug|Any CPU
		{870C0100-95D4-42BC-BCED-ED45077C98DB}.Debug|Any CPU.Build.0 = Debug|Any CPU
		{870C0100-95D4-42BC-BCED-ED45077C98DB}.Release|Any CPU.ActiveCfg = Release|Any CPU
		{870C0100-95D4-42BC-BCED-ED45077C98DB}.Release|Any CPU.Build.0 = Release|Any CPU
		{A6AA9125-518B-4395-9D57-94662D792CF1}.Debug|Any CPU.ActiveCfg = Debug|Any CPU
		{A6AA9125-518B-4395-9D57-94662D792CF1}.Debug|Any CPU.Build.0 = Debug|Any CPU
		{A6AA9125-518B-4395-9D57-94662D792CF1}.Release|Any CPU.ActiveCfg = Release|Any CPU
		{A6AA9125-518B-4395-9D57-94662D792CF1}.Release|Any CPU.Build.0 = Release|Any CPU
		{A5F1B014-FC59-4CCB-87F3-70A3582F1E50}.Debug|Any CPU.ActiveCfg = Debug|Any CPU
		{A5F1B014-FC59-4CCB-87F3-70A3582F1E50}.Debug|Any CPU.Build.0 = Debug|Any CPU
		{A5F1B014-FC59-4CCB-87F3-70A3582F1E50}.Release|Any CPU.ActiveCfg = Release|Any CPU
		{A5F1B014-FC59-4CCB-87F3-70A3582F1E50}.Release|Any CPU.Build.0 = Release|Any CPU
	EndGlobalSection
	GlobalSection(SolutionProperties) = preSolution
		HideSolutionNode = FALSE
	EndGlobalSection
	GlobalSection(NestedProjects) = preSolution
		{15DC6654-C62A-43F8-B09E-A9AFF0732932} = {EBCFC134-4581-4767-9766-C5E797DF394A}
		{63F1A933-DFF4-4119-80F5-22EF35D09F7A} = {1EE86194-1492-4A4A-B1FE-A550D9AE3A07}
		{B59FBCA6-2139-4DFF-83BB-D710E3AF3CAE} = {EBCFC134-4581-4767-9766-C5E797DF394A}
		{B98F5BE8-A726-43E3-B9EF-E7E235D7CACB} = {2CA0C421-35BF-4EC6-B630-9872FFE1A294}
		{AC313A7F-EB5F-4184-8545-297C75807541} = {EBCFC134-4581-4767-9766-C5E797DF394A}
		{3A860C10-FB4F-42DF-A125-81CA7FBF5418} = {E847848D-3766-4431-9110-DE9218C52358}
		{CD1C537F-00F7-4C62-9E9E-8B62E8DB0491} = {BF52C96C-A966-4F50-9854-6B60F9D5105C}
		{DF68AAB3-6857-4EE0-B88C-4E9094DF4E15} = {BF52C96C-A966-4F50-9854-6B60F9D5105C}
		{8FAC9511-2658-43EF-AC40-5DFD07614380} = {1CC5E58E-1D57-4A65-8DC4-ACF3B1F44B36}
		{AAE0405A-2554-4303-94ED-A18900D36232} = {1CC5E58E-1D57-4A65-8DC4-ACF3B1F44B36}
		{445E636B-853D-4AA5-85FA-FFD8E98AFB9E} = {1CC5E58E-1D57-4A65-8DC4-ACF3B1F44B36}
		{F1CAA736-F692-4F86-885E-CA1983BF9E1D} = {EBCFC134-4581-4767-9766-C5E797DF394A}
		{2C6BFDE6-9FFE-49D5-9501-F9A6533E6ABC} = {36802D5F-83E3-460D-9AAE-B33D96F159C5}
		{2EC9FE15-F476-47CE-8D01-0BF2DEB0B26A} = {1CC5E58E-1D57-4A65-8DC4-ACF3B1F44B36}
		{870C0100-95D4-42BC-BCED-ED45077C98DB} = {1CC5E58E-1D57-4A65-8DC4-ACF3B1F44B36}
		{A6AA9125-518B-4395-9D57-94662D792CF1} = {2CA0C421-35BF-4EC6-B630-9872FFE1A294}
		{E663F237-B034-4C1D-B362-8CC9B204C988} = {2CA0C421-35BF-4EC6-B630-9872FFE1A294}
		{A5F1B014-FC59-4CCB-87F3-70A3582F1E50} = {E663F237-B034-4C1D-B362-8CC9B204C988}
	EndGlobalSection
	GlobalSection(ExtensibilityGlobals) = postSolution
		SolutionGuid = {BAB21531-C27F-40CC-9C72-E6AE13A257DD}
	EndGlobalSection
EndGlobal
